
Microsoft Visual Studio Solution File, Format Version 12.00
# Visual Studio Version 17
VisualStudioVersion = 17.5.33530.505
MinimumVisualStudioVersion = 10.0.40219.1
Project("{9A19103F-16F7-4668-BE54-9A1E7A4F7556}") = "ConsoleCosmosDB", "ConsoleCosmosDB\ConsoleCosmosDB.csproj", "{43AF33E6-B20F-48F3-9E18-0E1B196EB982}"
EndProject
Project("{FAE04EC0-301F-11D3-BF4B-00C04F79EFBC}") = "CompanyAPI", "CompanyAPI\CompanyAPI.csproj", "{2AB66F0E-C18B-4B51-A86E-A35EDF02D214}"
EndProject
Project("{FAE04EC0-301F-11D3-BF4B-00C04F79EFBC}") = "CustomerAPI", "CustomerAPI\CustomerAPI.csproj", "{7D10F3E3-7EAB-4CFF-BD88-3D5EF8012AAF}"
EndProject
Global
	GlobalSection(SolutionConfigurationPlatforms) = preSolution
		Debug|Any CPU = Debug|Any CPU
		Release|Any CPU = Release|Any CPU
	EndGlobalSection
	GlobalSection(ProjectConfigurationPlatforms) = postSolution
		{43AF33E6-B20F-48F3-9E18-0E1B196EB982}.Debug|Any CPU.ActiveCfg = Debug|Any CPU
		{43AF33E6-B20F-48F3-9E18-0E1B196EB982}.Debug|Any CPU.Build.0 = Debug|Any CPU
		{43AF33E6-B20F-48F3-9E18-0E1B196EB982}.Release|Any CPU.ActiveCfg = Release|Any CPU
		{43AF33E6-B20F-48F3-9E18-0E1B196EB982}.Release|Any CPU.Build.0 = Release|Any CPU
		{2AB66F0E-C18B-4B51-A86E-A35EDF02D214}.Debug|Any CPU.ActiveCfg = Debug|Any CPU
		{2AB66F0E-C18B-4B51-A86E-A35EDF02D214}.Debug|Any CPU.Build.0 = Debug|Any CPU
		{2AB66F0E-C18B-4B51-A86E-A35EDF02D214}.Release|Any CPU.ActiveCfg = Release|Any CPU
		{2AB66F0E-C18B-4B51-A86E-A35EDF02D214}.Release|Any CPU.Build.0 = Release|Any CPU
		{7D10F3E3-7EAB-4CFF-BD88-3D5EF8012AAF}.Debug|Any CPU.ActiveCfg = Debug|Any CPU
		{7D10F3E3-7EAB-4CFF-BD88-3D5EF8012AAF}.Debug|Any CPU.Build.0 = Debug|Any CPU
		{7D10F3E3-7EAB-4CFF-BD88-3D5EF8012AAF}.Release|Any CPU.ActiveCfg = Release|Any CPU
		{7D10F3E3-7EAB-4CFF-BD88-3D5EF8012AAF}.Release|Any CPU.Build.0 = Release|Any CPU
	EndGlobalSection
	GlobalSection(SolutionProperties) = preSolution
		HideSolutionNode = FALSE
	EndGlobalSection
	GlobalSection(ExtensibilityGlobals) = postSolution
		SolutionGuid = {117EFDE1-79BA-4C6B-9464-E82207DAD3EB}
	EndGlobalSection
EndGlobal
